
Microsoft Visual Studio Solution File, Format Version 12.00
# Visual Studio Version 17
VisualStudioVersion = 17.1.32319.34
MinimumVisualStudioVersion = 10.0.40219.1
Project("{FAE04EC0-301F-11D3-BF4B-00C04F79EFBC}") = "MAHKFinalProject", "MAHKFinalProject.csproj", "{0F1E59A0-5849-482A-8517-CDA98217FC0C}"
EndProject
Project("{FAE04EC0-301F-11D3-BF4B-00C04F79EFBC}") = "Prototype", "..\Prototype\Prototype.csproj", "{0B27A89E-5FFD-48F8-81C8-975C216A6739}"
EndProject
Global
	GlobalSection(SolutionConfigurationPlatforms) = preSolution
		Debug|Any CPU = Debug|Any CPU
		Release|Any CPU = Release|Any CPU
	EndGlobalSection
	GlobalSection(ProjectConfigurationPlatforms) = postSolution
		{0F1E59A0-5849-482A-8517-CDA98217FC0C}.Debug|Any CPU.ActiveCfg = Debug|Any CPU
		{0F1E59A0-5849-482A-8517-CDA98217FC0C}.Debug|Any CPU.Build.0 = Debug|Any CPU
		{0F1E59A0-5849-482A-8517-CDA98217FC0C}.Release|Any CPU.ActiveCfg = Release|Any CPU
		{0F1E59A0-5849-482A-8517-CDA98217FC0C}.Release|Any CPU.Build.0 = Release|Any CPU
		{0B27A89E-5FFD-48F8-81C8-975C216A6739}.Debug|Any CPU.ActiveCfg = Debug|Any CPU
		{0B27A89E-5FFD-48F8-81C8-975C216A6739}.Debug|Any CPU.Build.0 = Debug|Any CPU
		{0B27A89E-5FFD-48F8-81C8-975C216A6739}.Release|Any CPU.ActiveCfg = Release|Any CPU
		{0B27A89E-5FFD-48F8-81C8-975C216A6739}.Release|Any CPU.Build.0 = Release|Any CPU
	EndGlobalSection
	GlobalSection(SolutionProperties) = preSolution
		HideSolutionNode = FALSE
	EndGlobalSection
	GlobalSection(ExtensibilityGlobals) = postSolution
		SolutionGuid = {DE42F2EA-7FEF-42A5-B5CB-1466304E2B9D}
	EndGlobalSection
EndGlobal
